{
  "name": "spec-checker",
  "version": "1.0.0",
  "lockfileVersion": 1,
  "requires": true,
  "dependencies": {
    "commander": {
      "version": "4.0.1",
      "resolved": "https://artifactory.finantix.com:443/artifactory/api/npm/npm-release/commander/-/commander-4.0.1.tgz",
      "integrity": "sha1-tnYicheFmTGC6Af0iDYz5kAbpTw="
    }
  }
}
